
Microsoft Visual Studio Solution File, Format Version 12.00
# Visual Studio 2012
Project("{FAE04EC0-301F-11D3-BF4B-00C04F79EFBC}") = "SoaDemo.Tests", "Tests\SoaDemo.Tests\SoaDemo.Tests.csproj", "{12FEFBF2-46A0-4F29-A07D-B3E4E99B155B}"
EndProject
Project("{2150E333-8FDC-42A3-9474-1A3956D46DE8}") = "Tests", "Tests", "{EB03BC38-73C9-49A6-BDC7-9020BBE51007}"
EndProject
Project("{FAE04EC0-301F-11D3-BF4B-00C04F79EFBC}") = "SoaDemo.Data", "SoaDemo.Data\SoaDemo.Data.csproj", "{DB6E846A-CFC6-46BB-B55F-1DD1D318C8BB}"
EndProject
Project("{FAE04EC0-301F-11D3-BF4B-00C04F79EFBC}") = "SoaDemo.Business", "SoaDemo.Business\SoaDemo.Business.csproj", "{3B1FB2E8-8C32-4A77-AC99-817A5F3E889F}"
EndProject
Project("{FAE04EC0-301F-11D3-BF4B-00C04F79EFBC}") = "SoaDemo.Service", "SoaDemo.Service\SoaDemo.Service.csproj", "{15B3E0D2-6217-493A-A690-158C497F5318}"
EndProject
Project("{2150E333-8FDC-42A3-9474-1A3956D46DE8}") = "Database", "Database", "{F4F6C67C-FED5-4B14-8379-30A792135467}"
EndProject
Project("{00D1A9C2-B5F0-4AF3-8072-F6C62B433612}") = "SoaDemo.Database", "Database\SoaDemo.Database\SoaDemo.Database.sqlproj", "{D4B2551F-292D-4383-8701-F02384596651}"
EndProject
Project("{FAE04EC0-301F-11D3-BF4B-00C04F79EFBC}") = "SoaDemo.Data.Common", "SoaDemo.Data.Common\SoaDemo.Data.Common.csproj", "{77772D7D-2EC1-4386-A495-F6A8B104E091}"
EndProject
Project("{FAE04EC0-301F-11D3-BF4B-00C04F79EFBC}") = "SoaDemo.Presenter", "SoaDemo.Presenter\SoaDemo.Presenter.csproj", "{1927AE29-9487-4338-982D-E9448E08CFB1}"
EndProject
Project("{FAE04EC0-301F-11D3-BF4B-00C04F79EFBC}") = "SoaDemo.Service.Common", "SoaDemo.Service.Common\SoaDemo.Service.Common.csproj", "{94467D92-991F-4C3B-AA70-1371F509EDF5}"
EndProject
Global
	GlobalSection(SolutionConfigurationPlatforms) = preSolution
		Debug|Any CPU = Debug|Any CPU
		Release|Any CPU = Release|Any CPU
	EndGlobalSection
	GlobalSection(ProjectConfigurationPlatforms) = postSolution
		{12FEFBF2-46A0-4F29-A07D-B3E4E99B155B}.Debug|Any CPU.ActiveCfg = Debug|Any CPU
		{12FEFBF2-46A0-4F29-A07D-B3E4E99B155B}.Debug|Any CPU.Build.0 = Debug|Any CPU
		{12FEFBF2-46A0-4F29-A07D-B3E4E99B155B}.Release|Any CPU.ActiveCfg = Release|Any CPU
		{12FEFBF2-46A0-4F29-A07D-B3E4E99B155B}.Release|Any CPU.Build.0 = Release|Any CPU
		{DB6E846A-CFC6-46BB-B55F-1DD1D318C8BB}.Debug|Any CPU.ActiveCfg = Debug|Any CPU
		{DB6E846A-CFC6-46BB-B55F-1DD1D318C8BB}.Debug|Any CPU.Build.0 = Debug|Any CPU
		{DB6E846A-CFC6-46BB-B55F-1DD1D318C8BB}.Release|Any CPU.ActiveCfg = Release|Any CPU
		{DB6E846A-CFC6-46BB-B55F-1DD1D318C8BB}.Release|Any CPU.Build.0 = Release|Any CPU
		{3B1FB2E8-8C32-4A77-AC99-817A5F3E889F}.Debug|Any CPU.ActiveCfg = Debug|Any CPU
		{3B1FB2E8-8C32-4A77-AC99-817A5F3E889F}.Debug|Any CPU.Build.0 = Debug|Any CPU
		{3B1FB2E8-8C32-4A77-AC99-817A5F3E889F}.Release|Any CPU.ActiveCfg = Release|Any CPU
		{3B1FB2E8-8C32-4A77-AC99-817A5F3E889F}.Release|Any CPU.Build.0 = Release|Any CPU
		{15B3E0D2-6217-493A-A690-158C497F5318}.Debug|Any CPU.ActiveCfg = Debug|Any CPU
		{15B3E0D2-6217-493A-A690-158C497F5318}.Debug|Any CPU.Build.0 = Debug|Any CPU
		{15B3E0D2-6217-493A-A690-158C497F5318}.Release|Any CPU.ActiveCfg = Release|Any CPU
		{15B3E0D2-6217-493A-A690-158C497F5318}.Release|Any CPU.Build.0 = Release|Any CPU
		{D4B2551F-292D-4383-8701-F02384596651}.Debug|Any CPU.ActiveCfg = Debug|Any CPU
		{D4B2551F-292D-4383-8701-F02384596651}.Release|Any CPU.ActiveCfg = Release|Any CPU
		{D4B2551F-292D-4383-8701-F02384596651}.Release|Any CPU.Build.0 = Release|Any CPU
		{D4B2551F-292D-4383-8701-F02384596651}.Release|Any CPU.Deploy.0 = Release|Any CPU
		{77772D7D-2EC1-4386-A495-F6A8B104E091}.Debug|Any CPU.ActiveCfg = Debug|Any CPU
		{77772D7D-2EC1-4386-A495-F6A8B104E091}.Debug|Any CPU.Build.0 = Debug|Any CPU
		{77772D7D-2EC1-4386-A495-F6A8B104E091}.Release|Any CPU.ActiveCfg = Release|Any CPU
		{77772D7D-2EC1-4386-A495-F6A8B104E091}.Release|Any CPU.Build.0 = Release|Any CPU
		{1927AE29-9487-4338-982D-E9448E08CFB1}.Debug|Any CPU.ActiveCfg = Debug|Any CPU
		{1927AE29-9487-4338-982D-E9448E08CFB1}.Debug|Any CPU.Build.0 = Debug|Any CPU
		{1927AE29-9487-4338-982D-E9448E08CFB1}.Release|Any CPU.ActiveCfg = Release|Any CPU
		{1927AE29-9487-4338-982D-E9448E08CFB1}.Release|Any CPU.Build.0 = Release|Any CPU
		{94467D92-991F-4C3B-AA70-1371F509EDF5}.Debug|Any CPU.ActiveCfg = Debug|Any CPU
		{94467D92-991F-4C3B-AA70-1371F509EDF5}.Debug|Any CPU.Build.0 = Debug|Any CPU
		{94467D92-991F-4C3B-AA70-1371F509EDF5}.Release|Any CPU.ActiveCfg = Release|Any CPU
		{94467D92-991F-4C3B-AA70-1371F509EDF5}.Release|Any CPU.Build.0 = Release|Any CPU
	EndGlobalSection
	GlobalSection(SolutionProperties) = preSolution
		HideSolutionNode = FALSE
	EndGlobalSection
	GlobalSection(NestedProjects) = preSolution
		{12FEFBF2-46A0-4F29-A07D-B3E4E99B155B} = {EB03BC38-73C9-49A6-BDC7-9020BBE51007}
		{D4B2551F-292D-4383-8701-F02384596651} = {F4F6C67C-FED5-4B14-8379-30A792135467}
	EndGlobalSection
EndGlobal
