
Microsoft Visual Studio Solution File, Format Version 12.00
# Visual Studio 2012
Project("{2150E333-8FDC-42A3-9474-1A3956D46DE8}") = "Database", "Database", "{F4F6C67C-FED5-4B14-8379-30A792135467}"
EndProject
Project("{FAE04EC0-301F-11D3-BF4B-00C04F79EFBC}") = "SoaDemo.Data", "SoaDemo.Data\SoaDemo.Data.csproj", "{DB6E846A-CFC6-46BB-B55F-1DD1D318C8BB}"
EndProject
Project("{FAE04EC0-301F-11D3-BF4B-00C04F79EFBC}") = "SoaDemo.Business", "SoaDemo.Business\SoaDemo.Business.csproj", "{3B1FB2E8-8C32-4A77-AC99-817A5F3E889F}"
EndProject
Project("{00D1A9C2-B5F0-4AF3-8072-F6C62B433612}") = "SoaDemo.Database", "Database\SoaDemo.Database\SoaDemo.Database.sqlproj", "{D4B2551F-292D-4383-8701-F02384596651}"
EndProject
Project("{FAE04EC0-301F-11D3-BF4B-00C04F79EFBC}") = "SoaDemo.Services", "SoaDemo.Services\SoaDemo.Services.csproj", "{9DBF4A96-7182-4DD1-A571-20D184336672}"
EndProject
Project("{FAE04EC0-301F-11D3-BF4B-00C04F79EFBC}") = "SoaDemo.Web", "SoaDemo.Web\SoaDemo.Web.csproj", "{86D61FC3-A0AA-4F16-AC39-583698F6BC5A}"
	ProjectSection(ProjectDependencies) = postProject
		{9DBF4A96-7182-4DD1-A571-20D184336672} = {9DBF4A96-7182-4DD1-A571-20D184336672}
	EndProjectSection
EndProject
Project("{FAE04EC0-301F-11D3-BF4B-00C04F79EFBC}") = "SoaDemo.Services.Common", "SoaDemo.Services.Common\SoaDemo.Services.Common.csproj", "{6E237067-A224-40A7-ACA5-5DB137E11E61}"
EndProject
Project("{2150E333-8FDC-42A3-9474-1A3956D46DE8}") = "Docs", "Docs", "{54E4868B-20A9-4DC4-A73D-7C95FD481F31}"
	ProjectSection(SolutionItems) = preProject
		Docs\ReadMe.txt = Docs\ReadMe.txt
		Docs\SOA_Architecture.vsdx = Docs\SOA_Architecture.vsdx
	EndProjectSection
EndProject
Global
	GlobalSection(TeamFoundationVersionControl) = preSolution
		SccNumberOfProjects = 7
		SccEnterpriseProvider = {4CA58AB2-18FA-4F8D-95D4-32DDF27D184C}
		SccTeamFoundationServer = https://aaronpalmer.visualstudio.com/defaultcollection
		SccLocalPath0 = .
		SccProjectUniqueName1 = Database\\SoaDemo.Database\\SoaDemo.Database.sqlproj
		SccProjectTopLevelParentUniqueName1 = SoaDemo.sln
		SccProjectName1 = Database/SoaDemo.Database
		SccLocalPath1 = Database\\SoaDemo.Database
		SccProjectUniqueName2 = SoaDemo.Business\\SoaDemo.Business.csproj
		SccProjectName2 = SoaDemo.Business
		SccLocalPath2 = SoaDemo.Business
		SccProjectUniqueName3 = SoaDemo.Data\\SoaDemo.Data.csproj
		SccProjectName3 = SoaDemo.Data
		SccLocalPath3 = SoaDemo.Data
		SccProjectUniqueName4 = SoaDemo.Services.Common\\SoaDemo.Services.Common.csproj
		SccProjectName4 = SoaDemo.Services.Common
		SccLocalPath4 = SoaDemo.Services.Common
		SccProjectUniqueName5 = SoaDemo.Services\\SoaDemo.Services.csproj
		SccProjectName5 = SoaDemo.Services
		SccLocalPath5 = SoaDemo.Services
		SccProjectUniqueName6 = SoaDemo.Web\\SoaDemo.Web.csproj
		SccProjectName6 = SoaDemo.Web
		SccLocalPath6 = SoaDemo.Web
	EndGlobalSection
	GlobalSection(SolutionConfigurationPlatforms) = preSolution
		Debug|Any CPU = Debug|Any CPU
		Release|Any CPU = Release|Any CPU
	EndGlobalSection
	GlobalSection(ProjectConfigurationPlatforms) = postSolution
		{DB6E846A-CFC6-46BB-B55F-1DD1D318C8BB}.Debug|Any CPU.ActiveCfg = Debug|Any CPU
		{DB6E846A-CFC6-46BB-B55F-1DD1D318C8BB}.Debug|Any CPU.Build.0 = Debug|Any CPU
		{DB6E846A-CFC6-46BB-B55F-1DD1D318C8BB}.Release|Any CPU.ActiveCfg = Release|Any CPU
		{DB6E846A-CFC6-46BB-B55F-1DD1D318C8BB}.Release|Any CPU.Build.0 = Release|Any CPU
		{3B1FB2E8-8C32-4A77-AC99-817A5F3E889F}.Debug|Any CPU.ActiveCfg = Debug|Any CPU
		{3B1FB2E8-8C32-4A77-AC99-817A5F3E889F}.Debug|Any CPU.Build.0 = Debug|Any CPU
		{3B1FB2E8-8C32-4A77-AC99-817A5F3E889F}.Release|Any CPU.ActiveCfg = Release|Any CPU
		{3B1FB2E8-8C32-4A77-AC99-817A5F3E889F}.Release|Any CPU.Build.0 = Release|Any CPU
		{D4B2551F-292D-4383-8701-F02384596651}.Debug|Any CPU.ActiveCfg = Debug|Any CPU
		{D4B2551F-292D-4383-8701-F02384596651}.Release|Any CPU.ActiveCfg = Release|Any CPU
		{D4B2551F-292D-4383-8701-F02384596651}.Release|Any CPU.Build.0 = Release|Any CPU
		{D4B2551F-292D-4383-8701-F02384596651}.Release|Any CPU.Deploy.0 = Release|Any CPU
		{9DBF4A96-7182-4DD1-A571-20D184336672}.Debug|Any CPU.ActiveCfg = Debug|Any CPU
		{9DBF4A96-7182-4DD1-A571-20D184336672}.Debug|Any CPU.Build.0 = Debug|Any CPU
		{9DBF4A96-7182-4DD1-A571-20D184336672}.Release|Any CPU.ActiveCfg = Release|Any CPU
		{9DBF4A96-7182-4DD1-A571-20D184336672}.Release|Any CPU.Build.0 = Release|Any CPU
		{86D61FC3-A0AA-4F16-AC39-583698F6BC5A}.Debug|Any CPU.ActiveCfg = Debug|Any CPU
		{86D61FC3-A0AA-4F16-AC39-583698F6BC5A}.Debug|Any CPU.Build.0 = Debug|Any CPU
		{86D61FC3-A0AA-4F16-AC39-583698F6BC5A}.Release|Any CPU.ActiveCfg = Release|Any CPU
		{86D61FC3-A0AA-4F16-AC39-583698F6BC5A}.Release|Any CPU.Build.0 = Release|Any CPU
		{6E237067-A224-40A7-ACA5-5DB137E11E61}.Debug|Any CPU.ActiveCfg = Debug|Any CPU
		{6E237067-A224-40A7-ACA5-5DB137E11E61}.Debug|Any CPU.Build.0 = Debug|Any CPU
		{6E237067-A224-40A7-ACA5-5DB137E11E61}.Release|Any CPU.ActiveCfg = Release|Any CPU
		{6E237067-A224-40A7-ACA5-5DB137E11E61}.Release|Any CPU.Build.0 = Release|Any CPU
	EndGlobalSection
	GlobalSection(SolutionProperties) = preSolution
		HideSolutionNode = FALSE
	EndGlobalSection
	GlobalSection(NestedProjects) = preSolution
		{D4B2551F-292D-4383-8701-F02384596651} = {F4F6C67C-FED5-4B14-8379-30A792135467}
	EndGlobalSection
EndGlobal
